
Microsoft Visual Studio Solution File, Format Version 12.00
# Visual Studio Version 16
VisualStudioVersion = 16.0.34601.136
MinimumVisualStudioVersion = 10.0.40219.1
Project("{8BC9CEB8-8B4A-11D0-8D11-00A0C91BC942}") = "02cppTest", "02cppTest\02cppTest.vcxproj", "{BACD4964-F7AA-45FC-9A4C-8992562AA47A}"
EndProject
Global
	GlobalSection(SolutionConfigurationPlatforms) = preSolution
		Debug|x64 = Debug|x64
		Debug|x86 = Debug|x86
		Release|x64 = Release|x64
		Release|x86 = Release|x86
	EndGlobalSection
	GlobalSection(ProjectConfigurationPlatforms) = postSolution
		{BACD4964-F7AA-45FC-9A4C-8992562AA47A}.Debug|x64.ActiveCfg = Debug|x64
		{BACD4964-F7AA-45FC-9A4C-8992562AA47A}.Debug|x64.Build.0 = Debug|x64
		{BACD4964-F7AA-45FC-9A4C-8992562AA47A}.Debug|x86.ActiveCfg = Debug|Win32
		{BACD4964-F7AA-45FC-9A4C-8992562AA47A}.Debug|x86.Build.0 = Debug|Win32
		{BACD4964-F7AA-45FC-9A4C-8992562AA47A}.Release|x64.ActiveCfg = Release|x64
		{BACD4964-F7AA-45FC-9A4C-8992562AA47A}.Release|x64.Build.0 = Release|x64
		{BACD4964-F7AA-45FC-9A4C-8992562AA47A}.Release|x86.ActiveCfg = Release|Win32
		{BACD4964-F7AA-45FC-9A4C-8992562AA47A}.Release|x86.Build.0 = Release|Win32
	EndGlobalSection
	GlobalSection(SolutionProperties) = preSolution
		HideSolutionNode = FALSE
	EndGlobalSection
	GlobalSection(ExtensibilityGlobals) = postSolution
		SolutionGuid = {49D6DA73-2929-427A-A58E-ED1CFF1C456F}
	EndGlobalSection
EndGlobal
